
Microsoft Visual Studio Solution File, Format Version 12.00
# Visual Studio Version 17
VisualStudioVersion = 17.13.35825.156 d17.13
MinimumVisualStudioVersion = 10.0.40219.1
Project("{FAE04EC0-301F-11D3-BF4B-00C04F79EFBC}") = "Game", "Game.csproj", "{A6A0F70B-90E6-4289-031F-FE87A1CE369C}"
EndProject
Project("{FAE04EC0-301F-11D3-BF4B-00C04F79EFBC}") = "GameContainers", "..\GameContainers\GameContainers.csproj", "{A7BCD883-8019-6A97-7F21-6B19E0AF6C38}"
EndProject
Global
	GlobalSection(SolutionConfigurationPlatforms) = preSolution
		Debug|Any CPU = Debug|Any CPU
		Release|Any CPU = Release|Any CPU
	EndGlobalSection
	GlobalSection(ProjectConfigurationPlatforms) = postSolution
		{A6A0F70B-90E6-4289-031F-FE87A1CE369C}.Debug|Any CPU.ActiveCfg = Debug|Any CPU
		{A6A0F70B-90E6-4289-031F-FE87A1CE369C}.Debug|Any CPU.Build.0 = Debug|Any CPU
		{A6A0F70B-90E6-4289-031F-FE87A1CE369C}.Release|Any CPU.ActiveCfg = Release|Any CPU
		{A6A0F70B-90E6-4289-031F-FE87A1CE369C}.Release|Any CPU.Build.0 = Release|Any CPU
		{A7BCD883-8019-6A97-7F21-6B19E0AF6C38}.Debug|Any CPU.ActiveCfg = Debug|Any CPU
		{A7BCD883-8019-6A97-7F21-6B19E0AF6C38}.Debug|Any CPU.Build.0 = Debug|Any CPU
		{A7BCD883-8019-6A97-7F21-6B19E0AF6C38}.Release|Any CPU.ActiveCfg = Release|Any CPU
		{A7BCD883-8019-6A97-7F21-6B19E0AF6C38}.Release|Any CPU.Build.0 = Release|Any CPU
	EndGlobalSection
	GlobalSection(SolutionProperties) = preSolution
		HideSolutionNode = FALSE
	EndGlobalSection
	GlobalSection(ExtensibilityGlobals) = postSolution
		SolutionGuid = {CFFD13D4-DF23-46C1-A26C-8B0C2711033E}
	EndGlobalSection
EndGlobal
