
Microsoft Visual Studio Solution File, Format Version 12.00
# Visual Studio Version 17
VisualStudioVersion = 17.0.31903.59
MinimumVisualStudioVersion = 10.0.40219.1
Project("{FAE04EC0-301F-11D3-BF4B-00C04F79EFBC}") = "Engine", "Engine\Engine.csproj", "{29045517-E61C-438E-826B-5AB2A66DA835}"
EndProject
Project("{FAE04EC0-301F-11D3-BF4B-00C04F79EFBC}") = "GameContainers", "GameContainers\GameContainers.csproj", "{705BE033-2213-4ADC-82E6-12CC489B98AF}"
EndProject
Project("{FAE04EC0-301F-11D3-BF4B-00C04F79EFBC}") = "Game", "Game\Game.csproj", "{AEF6A4EF-DC54-400B-ABA7-3F89A76693C9}"
EndProject
Project("{FAE04EC0-301F-11D3-BF4B-00C04F79EFBC}") = "EngineTester", "EngineTester\EngineTester.csproj", "{F4B49417-ABC4-4DAF-A09E-428E793D0315}"
EndProject
Global
	GlobalSection(SolutionConfigurationPlatforms) = preSolution
		Debug|Any CPU = Debug|Any CPU
		Debug|x64 = Debug|x64
		Debug|x86 = Debug|x86
		Release|Any CPU = Release|Any CPU
		Release|x64 = Release|x64
		Release|x86 = Release|x86
	EndGlobalSection
	GlobalSection(ProjectConfigurationPlatforms) = postSolution
		{29045517-E61C-438E-826B-5AB2A66DA835}.Debug|Any CPU.ActiveCfg = Debug|Any CPU
		{29045517-E61C-438E-826B-5AB2A66DA835}.Debug|Any CPU.Build.0 = Debug|Any CPU
		{29045517-E61C-438E-826B-5AB2A66DA835}.Debug|x64.ActiveCfg = Debug|Any CPU
		{29045517-E61C-438E-826B-5AB2A66DA835}.Debug|x64.Build.0 = Debug|Any CPU
		{29045517-E61C-438E-826B-5AB2A66DA835}.Debug|x86.ActiveCfg = Debug|Any CPU
		{29045517-E61C-438E-826B-5AB2A66DA835}.Debug|x86.Build.0 = Debug|Any CPU
		{29045517-E61C-438E-826B-5AB2A66DA835}.Release|Any CPU.ActiveCfg = Release|Any CPU
		{29045517-E61C-438E-826B-5AB2A66DA835}.Release|Any CPU.Build.0 = Release|Any CPU
		{29045517-E61C-438E-826B-5AB2A66DA835}.Release|x64.ActiveCfg = Release|Any CPU
		{29045517-E61C-438E-826B-5AB2A66DA835}.Release|x64.Build.0 = Release|Any CPU
		{29045517-E61C-438E-826B-5AB2A66DA835}.Release|x86.ActiveCfg = Release|Any CPU
		{29045517-E61C-438E-826B-5AB2A66DA835}.Release|x86.Build.0 = Release|Any CPU
		{705BE033-2213-4ADC-82E6-12CC489B98AF}.Debug|Any CPU.ActiveCfg = Debug|Any CPU
		{705BE033-2213-4ADC-82E6-12CC489B98AF}.Debug|Any CPU.Build.0 = Debug|Any CPU
		{705BE033-2213-4ADC-82E6-12CC489B98AF}.Debug|x64.ActiveCfg = Debug|Any CPU
		{705BE033-2213-4ADC-82E6-12CC489B98AF}.Debug|x64.Build.0 = Debug|Any CPU
		{705BE033-2213-4ADC-82E6-12CC489B98AF}.Debug|x86.ActiveCfg = Debug|Any CPU
		{705BE033-2213-4ADC-82E6-12CC489B98AF}.Debug|x86.Build.0 = Debug|Any CPU
		{705BE033-2213-4ADC-82E6-12CC489B98AF}.Release|Any CPU.ActiveCfg = Release|Any CPU
		{705BE033-2213-4ADC-82E6-12CC489B98AF}.Release|Any CPU.Build.0 = Release|Any CPU
		{705BE033-2213-4ADC-82E6-12CC489B98AF}.Release|x64.ActiveCfg = Release|Any CPU
		{705BE033-2213-4ADC-82E6-12CC489B98AF}.Release|x64.Build.0 = Release|Any CPU
		{705BE033-2213-4ADC-82E6-12CC489B98AF}.Release|x86.ActiveCfg = Release|Any CPU
		{705BE033-2213-4ADC-82E6-12CC489B98AF}.Release|x86.Build.0 = Release|Any CPU
		{AEF6A4EF-DC54-400B-ABA7-3F89A76693C9}.Debug|Any CPU.ActiveCfg = Debug|Any CPU
		{AEF6A4EF-DC54-400B-ABA7-3F89A76693C9}.Debug|Any CPU.Build.0 = Debug|Any CPU
		{AEF6A4EF-DC54-400B-ABA7-3F89A76693C9}.Debug|x64.ActiveCfg = Debug|Any CPU
		{AEF6A4EF-DC54-400B-ABA7-3F89A76693C9}.Debug|x64.Build.0 = Debug|Any CPU
		{AEF6A4EF-DC54-400B-ABA7-3F89A76693C9}.Debug|x86.ActiveCfg = Debug|Any CPU
		{AEF6A4EF-DC54-400B-ABA7-3F89A76693C9}.Debug|x86.Build.0 = Debug|Any CPU
		{AEF6A4EF-DC54-400B-ABA7-3F89A76693C9}.Release|Any CPU.ActiveCfg = Release|Any CPU
		{AEF6A4EF-DC54-400B-ABA7-3F89A76693C9}.Release|Any CPU.Build.0 = Release|Any CPU
		{AEF6A4EF-DC54-400B-ABA7-3F89A76693C9}.Release|x64.ActiveCfg = Release|Any CPU
		{AEF6A4EF-DC54-400B-ABA7-3F89A76693C9}.Release|x64.Build.0 = Release|Any CPU
		{AEF6A4EF-DC54-400B-ABA7-3F89A76693C9}.Release|x86.ActiveCfg = Release|Any CPU
		{AEF6A4EF-DC54-400B-ABA7-3F89A76693C9}.Release|x86.Build.0 = Release|Any CPU
		{F4B49417-ABC4-4DAF-A09E-428E793D0315}.Debug|Any CPU.ActiveCfg = Debug|Any CPU
		{F4B49417-ABC4-4DAF-A09E-428E793D0315}.Debug|Any CPU.Build.0 = Debug|Any CPU
		{F4B49417-ABC4-4DAF-A09E-428E793D0315}.Debug|x64.ActiveCfg = Debug|Any CPU
		{F4B49417-ABC4-4DAF-A09E-428E793D0315}.Debug|x64.Build.0 = Debug|Any CPU
		{F4B49417-ABC4-4DAF-A09E-428E793D0315}.Debug|x86.ActiveCfg = Debug|Any CPU
		{F4B49417-ABC4-4DAF-A09E-428E793D0315}.Debug|x86.Build.0 = Debug|Any CPU
		{F4B49417-ABC4-4DAF-A09E-428E793D0315}.Release|Any CPU.ActiveCfg = Release|Any CPU
		{F4B49417-ABC4-4DAF-A09E-428E793D0315}.Release|Any CPU.Build.0 = Release|Any CPU
		{F4B49417-ABC4-4DAF-A09E-428E793D0315}.Release|x64.ActiveCfg = Release|Any CPU
		{F4B49417-ABC4-4DAF-A09E-428E793D0315}.Release|x64.Build.0 = Release|Any CPU
		{F4B49417-ABC4-4DAF-A09E-428E793D0315}.Release|x86.ActiveCfg = Release|Any CPU
		{F4B49417-ABC4-4DAF-A09E-428E793D0315}.Release|x86.Build.0 = Release|Any CPU
	EndGlobalSection
	GlobalSection(SolutionProperties) = preSolution
		HideSolutionNode = FALSE
	EndGlobalSection
	GlobalSection(ExtensibilityGlobals) = postSolution
		SolutionGuid = {A1DC55FD-72B8-4B96-B0A4-F4321DE3975E}
	EndGlobalSection
EndGlobal
